<?xml version="1.0" encoding="utf-8"?>
<Project ToolsVersion="4.0" xmlns="http://schemas.microsoft.com/developer/msbuild/2003">
  <ItemGroup>
    <Filter Include="源文件">
      <UniqueIdentifier>{4FC737F1-C7A5-4376-A066-2A32D752A2FF}</UniqueIdentifier>
      <Extensions>cpp;c;cc;cxx;c++;cppm;ixx;def;odl;idl;hpj;bat;asm;asmx</Extensions>
    </Filter>
    <Filter Include="头文件">
      <UniqueIdentifier>{93995380-89BD-4b04-88EB-625FBE52EBFB}</UniqueIdentifier>
      <Extensions>h;hh;hpp;hxx;h++;hm;inl;inc;ipp;xsd</Extensions>
    </Filter>
    <Filter Include="资源文件">
      <UniqueIdentifier>{67DA6AB6-F800-4c08-8B7A-83BB121AAD01}</UniqueIdentifier>
      <Extensions>rc;ico;cur;bmp;dlg;rc2;rct;bin;rgs;gif;jpg;jpeg;jpe;resx;tiff;tif;png;wav;mfcribbon-ms</Extensions>
    </Filter>
  </ItemGroup>
  <ItemGroup>
    <ClCompile Include="1-helloworld.c">
      <Filter>源文件</Filter>
    </ClCompile>
    <ClCompile Include="2-变量.c">
      <Filter>源文件</Filter>
    </ClCompile>
    <ClCompile Include="常量.c">
      <Filter>源文件</Filter>
    </ClCompile>
    <ClCompile Include="整数的扩展.c">
      <Filter>源文件</Filter>
    </ClCompile>
    <ClCompile Include="键盘录入的基本使用.c">
      <Filter>源文件</Filter>
    </ClCompile>
    <ClCompile Include="关系运算符.c">
      <Filter>源文件</Filter>
    </ClCompile>
    <ClCompile Include="逻辑运算符.c">
      <Filter>源文件</Filter>
    </ClCompile>
    <ClCompile Include="if语句.c">
      <Filter>源文件</Filter>
    </ClCompile>
    <ClCompile Include="if语句%282%29.c">
      <Filter>源文件</Filter>
    </ClCompile>
    <ClCompile Include="if练习.c">
      <Filter>源文件</Filter>
    </ClCompile>
    <ClCompile Include="switch语句.c">
      <Filter>源文件</Filter>
    </ClCompile>
    <ClCompile Include="for循环.c">
      <Filter>源文件</Filter>
    </ClCompile>
    <ClCompile Include="正向或反向输出数字.c">
      <Filter>源文件</Filter>
    </ClCompile>
    <ClCompile Include="while循环.c">
      <Filter>源文件</Filter>
    </ClCompile>
    <ClCompile Include="do while.c">
      <Filter>源文件</Filter>
    </ClCompile>
    <ClCompile Include="无线循环.c">
      <Filter>源文件</Filter>
    </ClCompile>
    <ClCompile Include="打印形状.c">
      <Filter>源文件</Filter>
    </ClCompile>
    <ClCompile Include="打印九九乘法表.c">
      <Filter>源文件</Filter>
    </ClCompile>
    <ClCompile Include="冥级数列.c">
      <Filter>源文件</Filter>
    </ClCompile>
    <ClCompile Include="跳出多层循环.c">
      <Filter>源文件</Filter>
    </ClCompile>
    <ClCompile Include="函数的基本格式.c">
      <Filter>源文件</Filter>
    </ClCompile>
    <ClCompile Include="带参数的函数.c">
      <Filter>源文件</Filter>
    </ClCompile>
    <ClCompile Include="带有返回参数的函数.c">
      <Filter>源文件</Filter>
    </ClCompile>
    <ClCompile Include="C语言中的常见函数.c">
      <Filter>源文件</Filter>
    </ClCompile>
    <ClCompile Include="随机数.c">
      <Filter>源文件</Filter>
    </ClCompile>
    <ClCompile Include="猜数字小游戏.c">
      <Filter>源文件</Filter>
    </ClCompile>
    <ClCompile Include="数组.c">
      <Filter>源文件</Filter>
    </ClCompile>
    <ClCompile Include="3-变量的注意事项.c">
      <Filter>源文件</Filter>
    </ClCompile>
    <ClCompile Include="5-char字符类型.c">
      <Filter>源文件</Filter>
    </ClCompile>
    <ClCompile Include="6-float、double小数类型.c">
      <Filter>源文件</Filter>
    </ClCompile>
    <ClCompile Include="4-数据类型.c">
      <Filter>源文件</Filter>
    </ClCompile>
  </ItemGroup>
</Project>